// !$*UTF8*$!
{
	archiveVersion = 1;
	classes = {
	};
	objectVersion = 56;
	objects = {

/* Begin PBXBuildFile section */
		812E8CD52AEFBCF30067B997 /* SpellingApp.swift in Sources */ = {isa = PBXBuildFile; fileRef = 812E8CD42AEFBCF30067B997 /* SpellingApp.swift */; };
		812E8CD92AEFBCF30067B997 /* Assets.xcassets in Resources */ = {isa = PBXBuildFile; fileRef = 812E8CD82AEFBCF30067B997 /* Assets.xcassets */; };
		812E8CDC2AEFBCF30067B997 /* Preview Assets.xcassets in Resources */ = {isa = PBXBuildFile; fileRef = 812E8CDB2AEFBCF30067B997 /* Preview Assets.xcassets */; };
		812E8CE42AEFBD150067B997 /* QuizView.swift in Sources */ = {isa = PBXBuildFile; fileRef = 812E8CE32AEFBD150067B997 /* QuizView.swift */; };
		812E8CE82AEFBD410067B997 /* Item.swift in Sources */ = {isa = PBXBuildFile; fileRef = 812E8CE72AEFBD410067B997 /* Item.swift */; };
		81CE58452AEFE2E200B96987 /* Outcome.swift in Sources */ = {isa = PBXBuildFile; fileRef = 81CE58442AEFE2E200B96987 /* Outcome.swift */; };
		81CE58482AEFECFB00B96987 /* Functions.swift in Sources */ = {isa = PBXBuildFile; fileRef = 81CE58472AEFECFB00B96987 /* Functions.swift */; };
/* End PBXBuildFile section */

/* Begin PBXFileReference section */
		812E8CD12AEFBCF30067B997 /* Spelling.app */ = {isa = PBXFileReference; explicitFileType = wrapper.application; includeInIndex = 0; path = Spelling.app; sourceTree = BUILT_PRODUCTS_DIR; };
		812E8CD42AEFBCF30067B997 /* SpellingApp.swift */ = {isa = PBXFileReference; lastKnownFileType = sourcecode.swift; path = SpellingApp.swift; sourceTree = "<group>"; };
		812E8CD82AEFBCF30067B997 /* Assets.xcassets */ = {isa = PBXFileReference; lastKnownFileType = folder.assetcatalog; path = Assets.xcassets; sourceTree = "<group>"; };
		812E8CDB2AEFBCF30067B997 /* Preview Assets.xcassets */ = {isa = PBXFileReference; lastKnownFileType = folder.assetcatalog; path = "Preview Assets.xcassets"; sourceTree = "<group>"; };
		812E8CDD2AEFBCF30067B997 /* Spelling.entitlements */ = {isa = PBXFileReference; lastKnownFileType = text.plist.entitlements; path = Spelling.entitlements; sourceTree = "<group>"; };
		812E8CE32AEFBD150067B997 /* QuizView.swift */ = {isa = PBXFileReference; lastKnownFileType = sourcecode.swift; path = QuizView.swift; sourceTree = "<group>"; };
		812E8CE72AEFBD410067B997 /* Item.swift */ = {isa = PBXFileReference; lastKnownFileType = sourcecode.swift; path = Item.swift; sourceTree = "<group>"; };
		81CE58442AEFE2E200B96987 /* Outcome.swift */ = {isa = PBXFileReference; lastKnownFileType = sourcecode.swift; path = Outcome.swift; sourceTree = "<group>"; };
		81CE58472AEFECFB00B96987 /* Functions.swift */ = {isa = PBXFileReference; lastKnownFileType = sourcecode.swift; path = Functions.swift; sourceTree = "<group>"; };
/* End PBXFileReference section */

/* Begin PBXFrameworksBuildPhase section */
		812E8CCE2AEFBCF30067B997 /* Frameworks */ = {
			isa = PBXFrameworksBuildPhase;
			buildActionMask = 2147483647;
			files = (
			);
			runOnlyForDeploymentPostprocessing = 0;
		};
/* End PBXFrameworksBuildPhase section */

/* Begin PBXGroup section */
		812E8CC82AEFBCF30067B997 = {
			isa = PBXGroup;
			children = (
				812E8CD32AEFBCF30067B997 /* Spelling */,
				812E8CD22AEFBCF30067B997 /* Products */,
			);
			sourceTree = "<group>";
		};
		812E8CD22AEFBCF30067B997 /* Products */ = {
			isa = PBXGroup;
			children = (
				812E8CD12AEFBCF30067B997 /* Spelling.app */,
			);
			name = Products;
			sourceTree = "<group>";
		};
		812E8CD32AEFBCF30067B997 /* Spelling */ = {
			isa = PBXGroup;
			children = (
				812E8CD42AEFBCF30067B997 /* SpellingApp.swift */,
				81CE58462AEFECD400B96987 /* Helpers */,
				812E8CE52AEFBD210067B997 /* Model */,
				812E8CE62AEFBD280067B997 /* Views */,
				812E8CD82AEFBCF30067B997 /* Assets.xcassets */,
				812E8CDD2AEFBCF30067B997 /* Spelling.entitlements */,
				812E8CDA2AEFBCF30067B997 /* Preview Content */,
			);
			path = Spelling;
			sourceTree = "<group>";
		};
		812E8CDA2AEFBCF30067B997 /* Preview Content */ = {
			isa = PBXGroup;
			children = (
				812E8CDB2AEFBCF30067B997 /* Preview Assets.xcassets */,
			);
			path = "Preview Content";
			sourceTree = "<group>";
		};
		812E8CE52AEFBD210067B997 /* Model */ = {
			isa = PBXGroup;
			children = (
				812E8CE72AEFBD410067B997 /* Item.swift */,
				81CE58442AEFE2E200B96987 /* Outcome.swift */,
			);
			path = Model;
			sourceTree = "<group>";
		};
		812E8CE62AEFBD280067B997 /* Views */ = {
			isa = PBXGroup;
			children = (
				812E8CE32AEFBD150067B997 /* QuizView.swift */,
			);
			path = Views;
			sourceTree = "<group>";
		};
		81CE58462AEFECD400B96987 /* Helpers */ = {
			isa = PBXGroup;
			children = (
				81CE58472AEFECFB00B96987 /* Functions.swift */,
			);
			path = Helpers;
			sourceTree = "<group>";
		};
/* End PBXGroup section */

/* Begin PBXNativeTarget section */
		812E8CD02AEFBCF30067B997 /* Spelling */ = {
			isa = PBXNativeTarget;
			buildConfigurationList = 812E8CE02AEFBCF30067B997 /* Build configuration list for PBXNativeTarget "Spelling" */;
			buildPhases = (
				812E8CCD2AEFBCF30067B997 /* Sources */,
				812E8CCE2AEFBCF30067B997 /* Frameworks */,
				812E8CCF2AEFBCF30067B997 /* Resources */,
			);
			buildRules = (
			);
			dependencies = (
			);
			name = Spelling;
			productName = Spelling;
			productReference = 812E8CD12AEFBCF30067B997 /* Spelling.app */;
			productType = "com.apple.product-type.application";
		};
/* End PBXNativeTarget section */

/* Begin PBXProject section */
		812E8CC92AEFBCF30067B997 /* Project object */ = {
			isa = PBXProject;
			attributes = {
				BuildIndependentTargetsInParallel = 1;
				LastSwiftUpdateCheck = 1500;
				LastUpgradeCheck = 1500;
				TargetAttributes = {
					812E8CD02AEFBCF30067B997 = {
						CreatedOnToolsVersion = 15.0;
					};
				};
			};
			buildConfigurationList = 812E8CCC2AEFBCF30067B997 /* Build configuration list for PBXProject "Spelling" */;
			compatibilityVersion = "Xcode 14.0";
			developmentRegion = en;
			hasScannedForEncodings = 0;
			knownRegions = (
				en,
				Base,
			);
			mainGroup = 812E8CC82AEFBCF30067B997;
			productRefGroup = 812E8CD22AEFBCF30067B997 /* Products */;
			projectDirPath = "";
			projectRoot = "";
			targets = (
				812E8CD02AEFBCF30067B997 /* Spelling */,
			);
		};
/* End PBXProject section */

/* Begin PBXResourcesBuildPhase section */
		812E8CCF2AEFBCF30067B997 /* Resources */ = {
			isa = PBXResourcesBuildPhase;
			buildActionMask = 2147483647;
			files = (
				812E8CDC2AEFBCF30067B997 /* Preview Assets.xcassets in Resources */,
				812E8CD92AEFBCF30067B997 /* Assets.xcassets in Resources */,
			);
			runOnlyForDeploymentPostprocessing = 0;
		};
/* End PBXResourcesBuildPhase section */

/* Begin PBXSourcesBuildPhase section */
		812E8CCD2AEFBCF30067B997 /* Sources */ = {
			isa = PBXSourcesBuildPhase;
			buildActionMask = 2147483647;
			files = (
				81CE58452AEFE2E200B96987 /* Outcome.swift in Sources */,
				812E8CD52AEFBCF30067B997 /* SpellingApp.swift in Sources */,
				812E8CE82AEFBD410067B997 /* Item.swift in Sources */,
				81CE58482AEFECFB00B96987 /* Functions.swift in Sources */,
				812E8CE42AEFBD150067B997 /* QuizView.swift in Sources */,
			);
			runOnlyForDeploymentPostprocessing = 0;
		};
/* End PBXSourcesBuildPhase section */

/* Begin XCBuildConfiguration section */
		812E8CDE2AEFBCF30067B997 /* Debug */ = {
			isa = XCBuildConfiguration;
			buildSettings = {
				ALWAYS_SEARCH_USER_PATHS = NO;
				ASSETCATALOG_COMPILER_GENERATE_SWIFT_ASSET_SYMBOL_EXTENSIONS = YES;
				CLANG_ANALYZER_NONNULL = YES;
				CLANG_ANALYZER_NUMBER_OBJECT_CONVERSION = YES_AGGRESSIVE;
				CLANG_CXX_LANGUAGE_STANDARD = "gnu++20";
				CLANG_ENABLE_MODULES = YES;
				CLANG_ENABLE_OBJC_ARC = YES;
				CLANG_ENABLE_OBJC_WEAK = YES;
				CLANG_WARN_BLOCK_CAPTURE_AUTORELEASING = YES;
				CLANG_WARN_BOOL_CONVERSION = YES;
				CLANG_WARN_COMMA = YES;
				CLANG_WARN_CONSTANT_CONVERSION = YES;
				CLANG_WARN_DEPRECATED_OBJC_IMPLEMENTATIONS = YES;
				CLANG_WARN_DIRECT_OBJC_ISA_USAGE = YES_ERROR;
				CLANG_WARN_DOCUMENTATION_COMMENTS = YES;
				CLANG_WARN_EMPTY_BODY = YES;
				CLANG_WARN_ENUM_CONVERSION = YES;
				CLANG_WARN_INFINITE_RECURSION = YES;
				CLANG_WARN_INT_CONVERSION = YES;
				CLANG_WARN_NON_LITERAL_NULL_CONVERSION = YES;
				CLANG_WARN_OBJC_IMPLICIT_RETAIN_SELF = YES;
				CLANG_WARN_OBJC_LITERAL_CONVERSION = YES;
				CLANG_WARN_OBJC_ROOT_CLASS = YES_ERROR;
				CLANG_WARN_QUOTED_INCLUDE_IN_FRAMEWORK_HEADER = YES;
				CLANG_WARN_RANGE_LOOP_ANALYSIS = YES;
				CLANG_WARN_STRICT_PROTOTYPES = YES;
				CLANG_WARN_SUSPICIOUS_MOVE = YES;
				CLANG_WARN_UNGUARDED_AVAILABILITY = YES_AGGRESSIVE;
				CLANG_WARN_UNREACHABLE_CODE = YES;
				CLANG_WARN__DUPLICATE_METHOD_MATCH = YES;
				COPY_PHASE_STRIP = NO;
				DEBUG_INFORMATION_FORMAT = dwarf;
				ENABLE_STRICT_OBJC_MSGSEND = YES;
				ENABLE_TESTABILITY = YES;
				ENABLE_USER_SCRIPT_SANDBOXING = YES;
				GCC_C_LANGUAGE_STANDARD = gnu17;
				GCC_DYNAMIC_NO_PIC = NO;
				GCC_NO_COMMON_BLOCKS = YES;
				GCC_OPTIMIZATION_LEVEL = 0;
				GCC_PREPROCESSOR_DEFINITIONS = (
					"DEBUG=1",
					"$(inherited)",
				);
				GCC_WARN_64_TO_32_BIT_CONVERSION = YES;
				GCC_WARN_ABOUT_RETURN_TYPE = YES_ERROR;
				GCC_WARN_UNDECLARED_SELECTOR = YES;
				GCC_WARN_UNINITIALIZED_AUTOS = YES_AGGRESSIVE;
				GCC_WARN_UNUSED_FUNCTION = YES;
				GCC_WARN_UNUSED_VARIABLE = YES;
				LOCALIZATION_PREFERS_STRING_CATALOGS = YES;
				MACOSX_DEPLOYMENT_TARGET = 14.0;
				MTL_ENABLE_DEBUG_INFO = INCLUDE_SOURCE;
				MTL_FAST_MATH = YES;
				ONLY_ACTIVE_ARCH = YES;
				SDKROOT = macosx;
				SWIFT_ACTIVE_COMPILATION_CONDITIONS = "DEBUG $(inherited)";
				SWIFT_OPTIMIZATION_LEVEL = "-Onone";
			};
			name = Debug;
		};
		812E8CDF2AEFBCF30067B997 /* Release */ = {
			isa = XCBuildConfiguration;
			buildSettings = {
				ALWAYS_SEARCH_USER_PATHS = NO;
				ASSETCATALOG_COMPILER_GENERATE_SWIFT_ASSET_SYMBOL_EXTENSIONS = YES;
				CLANG_ANALYZER_NONNULL = YES;
				CLANG_ANALYZER_NUMBER_OBJECT_CONVERSION = YES_AGGRESSIVE;
				CLANG_CXX_LANGUAGE_STANDARD = "gnu++20";
				CLANG_ENABLE_MODULES = YES;
				CLANG_ENABLE_OBJC_ARC = YES;
				CLANG_ENABLE_OBJC_WEAK = YES;
				CLANG_WARN_BLOCK_CAPTURE_AUTORELEASING = YES;
				CLANG_WARN_BOOL_CONVERSION = YES;
				CLANG_WARN_COMMA = YES;
				CLANG_WARN_CONSTANT_CONVERSION = YES;
				CLANG_WARN_DEPRECATED_OBJC_IMPLEMENTATIONS = YES;
				CLANG_WARN_DIRECT_OBJC_ISA_USAGE = YES_ERROR;
				CLANG_WARN_DOCUMENTATION_COMMENTS = YES;
				CLANG_WARN_EMPTY_BODY = YES;
				CLANG_WARN_ENUM_CONVERSION = YES;
				CLANG_WARN_INFINITE_RECURSION = YES;
				CLANG_WARN_INT_CONVERSION = YES;
				CLANG_WARN_NON_LITERAL_NULL_CONVERSION = YES;
				CLANG_WARN_OBJC_IMPLICIT_RETAIN_SELF = YES;
				CLANG_WARN_OBJC_LITERAL_CONVERSION = YES;
				CLANG_WARN_OBJC_ROOT_CLASS = YES_ERROR;
				CLANG_WARN_QUOTED_INCLUDE_IN_FRAMEWORK_HEADER = YES;
				CLANG_WARN_RANGE_LOOP_ANALYSIS = YES;
				CLANG_WARN_STRICT_PROTOTYPES = YES;
				CLANG_WARN_SUSPICIOUS_MOVE = YES;
				CLANG_WARN_UNGUARDED_AVAILABILITY = YES_AGGRESSIVE;
				CLANG_WARN_UNREACHABLE_CODE = YES;
				CLANG_WARN__DUPLICATE_METHOD_MATCH = YES;
				COPY_PHASE_STRIP = NO;
				DEBUG_INFORMATION_FORMAT = "dwarf-with-dsym";
				ENABLE_NS_ASSERTIONS = NO;
				ENABLE_STRICT_OBJC_MSGSEND = YES;
				ENABLE_USER_SCRIPT_SANDBOXING = YES;
				GCC_C_LANGUAGE_STANDARD = gnu17;
				GCC_NO_COMMON_BLOCKS = YES;
				GCC_WARN_64_TO_32_BIT_CONVERSION = YES;
				GCC_WARN_ABOUT_RETURN_TYPE = YES_ERROR;
				GCC_WARN_UNDECLARED_SELECTOR = YES;
				GCC_WARN_UNINITIALIZED_AUTOS = YES_AGGRESSIVE;
				GCC_WARN_UNUSED_FUNCTION = YES;
				GCC_WARN_UNUSED_VARIABLE = YES;
				LOCALIZATION_PREFERS_STRING_CATALOGS = YES;
				MACOSX_DEPLOYMENT_TARGET = 14.0;
				MTL_ENABLE_DEBUG_INFO = NO;
				MTL_FAST_MATH = YES;
				SDKROOT = macosx;
				SWIFT_COMPILATION_MODE = wholemodule;
			};
			name = Release;
		};
		812E8CE12AEFBCF30067B997 /* Debug */ = {
			isa = XCBuildConfiguration;
			buildSettings = {
				ASSETCATALOG_COMPILER_APPICON_NAME = AppIcon;
				ASSETCATALOG_COMPILER_GLOBAL_ACCENT_COLOR_NAME = AccentColor;
				CODE_SIGN_ENTITLEMENTS = Spelling/Spelling.entitlements;
				CODE_SIGN_STYLE = Automatic;
				COMBINE_HIDPI_IMAGES = YES;
				CURRENT_PROJECT_VERSION = 1;
				DEVELOPMENT_ASSET_PATHS = "\"Spelling/Preview Content\"";
				DEVELOPMENT_TEAM = C7DL9Y9A7R;
				ENABLE_HARDENED_RUNTIME = YES;
				ENABLE_PREVIEWS = YES;
				GENERATE_INFOPLIST_FILE = YES;
				INFOPLIST_KEY_NSHumanReadableCopyright = "";
				LD_RUNPATH_SEARCH_PATHS = (
					"$(inherited)",
					"@executable_path/../Frameworks",
				);
				MARKETING_VERSION = 1.0;
				PRODUCT_BUNDLE_IDENTIFIER = ca.russellgordon.Spelling;
				PRODUCT_NAME = "$(TARGET_NAME)";
				SWIFT_EMIT_LOC_STRINGS = YES;
				SWIFT_VERSION = 5.0;
			};
			name = Debug;
		};
		812E8CE22AEFBCF30067B997 /* Release */ = {
			isa = XCBuildConfiguration;
			buildSettings = {
				ASSETCATALOG_COMPILER_APPICON_NAME = AppIcon;
				ASSETCATALOG_COMPILER_GLOBAL_ACCENT_COLOR_NAME = AccentColor;
				CODE_SIGN_ENTITLEMENTS = Spelling/Spelling.entitlements;
				CODE_SIGN_STYLE = Automatic;
				COMBINE_HIDPI_IMAGES = YES;
				CURRENT_PROJECT_VERSION = 1;
				DEVELOPMENT_ASSET_PATHS = "\"Spelling/Preview Content\"";
				DEVELOPMENT_TEAM = C7DL9Y9A7R;
				ENABLE_HARDENED_RUNTIME = YES;
				ENABLE_PREVIEWS = YES;
				GENERATE_INFOPLIST_FILE = YES;
				INFOPLIST_KEY_NSHumanReadableCopyright = "";
				LD_RUNPATH_SEARCH_PATHS = (
					"$(inherited)",
					"@executable_path/../Frameworks",
				);
				MARKETING_VERSION = 1.0;
				PRODUCT_BUNDLE_IDENTIFIER = ca.russellgordon.Spelling;
				PRODUCT_NAME = "$(TARGET_NAME)";
				SWIFT_EMIT_LOC_STRINGS = YES;
				SWIFT_VERSION = 5.0;
			};
			name = Release;
		};
/* End XCBuildConfiguration section */

/* Begin XCConfigurationList section */
		812E8CCC2AEFBCF30067B997 /* Build configuration list for PBXProject "Spelling" */ = {
			isa = XCConfigurationList;
			buildConfigurations = (
				812E8CDE2AEFBCF30067B997 /* Debug */,
				812E8CDF2AEFBCF30067B997 /* Release */,
			);
			defaultConfigurationIsVisible = 0;
			defaultConfigurationName = Release;
		};
		812E8CE02AEFBCF30067B997 /* Build configuration list for PBXNativeTarget "Spelling" */ = {
			isa = XCConfigurationList;
			buildConfigurations = (
				812E8CE12AEFBCF30067B997 /* Debug */,
				812E8CE22AEFBCF30067B997 /* Release */,
			);
			defaultConfigurationIsVisible = 0;
			defaultConfigurationName = Release;
		};
/* End XCConfigurationList section */
	};
	rootObject = 812E8CC92AEFBCF30067B997 /* Project object */;
}
